
Microsoft Visual Studio Solution File, Format Version 12.00
# Visual Studio Version 16
VisualStudioVersion = 16.0.31729.503
MinimumVisualStudioVersion = 10.0.40219.1
Project("{FAE04EC0-301F-11D3-BF4B-00C04F79EFBC}") = "ImprovedPerlinNoise", "ImprovedPerlinNoise.csproj", "{3E2B4497-0991-431D-98B4-296D51C3D52F}"
EndProject
Global
	GlobalSection(SolutionConfigurationPlatforms) = preSolution
		Debug|Any CPU = Debug|Any CPU
		Release|Any CPU = Release|Any CPU
	EndGlobalSection
	GlobalSection(ProjectConfigurationPlatforms) = postSolution
		{3E2B4497-0991-431D-98B4-296D51C3D52F}.Debug|Any CPU.ActiveCfg = Debug|Any CPU
		{3E2B4497-0991-431D-98B4-296D51C3D52F}.Debug|Any CPU.Build.0 = Debug|Any CPU
		{3E2B4497-0991-431D-98B4-296D51C3D52F}.Release|Any CPU.ActiveCfg = Release|Any CPU
		{3E2B4497-0991-431D-98B4-296D51C3D52F}.Release|Any CPU.Build.0 = Release|Any CPU
	EndGlobalSection
	GlobalSection(SolutionProperties) = preSolution
		HideSolutionNode = FALSE
	EndGlobalSection
	GlobalSection(ExtensibilityGlobals) = postSolution
		SolutionGuid = {C6288942-2372-431E-AF54-76817BD8CA49}
	EndGlobalSection
EndGlobal
